
Microsoft Visual Studio Solution File, Format Version 12.00
# Visual Studio 15
VisualStudioVersion = 15.0.27428.2043
MinimumVisualStudioVersion = 10.0.40219.1
Project("{8BC9CEB8-8B4A-11D0-8D11-00A0C91BC942}") = "vector", "vector\vector.vcxproj", "{7E363B64-6CF0-4F18-A866-DF659988EB5A}"
EndProject
Global
	GlobalSection(SolutionConfigurationPlatforms) = preSolution
		Debug|x64 = Debug|x64
		Debug|x86 = Debug|x86
		Release|x64 = Release|x64
		Release|x86 = Release|x86
	EndGlobalSection
	GlobalSection(ProjectConfigurationPlatforms) = postSolution
		{7E363B64-6CF0-4F18-A866-DF659988EB5A}.Debug|x64.ActiveCfg = Debug|x64
		{7E363B64-6CF0-4F18-A866-DF659988EB5A}.Debug|x64.Build.0 = Debug|x64
		{7E363B64-6CF0-4F18-A866-DF659988EB5A}.Debug|x86.ActiveCfg = Debug|Win32
		{7E363B64-6CF0-4F18-A866-DF659988EB5A}.Debug|x86.Build.0 = Debug|Win32
		{7E363B64-6CF0-4F18-A866-DF659988EB5A}.Release|x64.ActiveCfg = Release|x64
		{7E363B64-6CF0-4F18-A866-DF659988EB5A}.Release|x64.Build.0 = Release|x64
		{7E363B64-6CF0-4F18-A866-DF659988EB5A}.Release|x86.ActiveCfg = Release|Win32
		{7E363B64-6CF0-4F18-A866-DF659988EB5A}.Release|x86.Build.0 = Release|Win32
	EndGlobalSection
	GlobalSection(SolutionProperties) = preSolution
		HideSolutionNode = FALSE
	EndGlobalSection
	GlobalSection(ExtensibilityGlobals) = postSolution
		SolutionGuid = {A4056ECA-A056-4799-8CEA-5CBCC12C3A4D}
	EndGlobalSection
EndGlobal
